
Microsoft Visual Studio Solution File, Format Version 12.00
# Visual Studio 15
Project("{FAE04EC0-301F-11D3-BF4B-00C04F79EFBC}") = "ParrelSync", "ParrelSync.csproj", "{88C5D3F2-7B38-9B0E-74C8-8D178517C3F7}"
EndProject
Project("{FAE04EC0-301F-11D3-BF4B-00C04F79EFBC}") = "Assembly-CSharp", "Assembly-CSharp.csproj", "{48F9CCB1-2211-754A-E094-6EDA395CB99C}"
EndProject
Global
	GlobalSection(SolutionConfigurationPlatforms) = preSolution
		Debug|Any CPU = Debug|Any CPU
		Release|Any CPU = Release|Any CPU
	EndGlobalSection
	GlobalSection(ProjectConfigurationPlatforms) = postSolution
		{88C5D3F2-7B38-9B0E-74C8-8D178517C3F7}.Debug|Any CPU.ActiveCfg = Debug|Any CPU
		{88C5D3F2-7B38-9B0E-74C8-8D178517C3F7}.Debug|Any CPU.Build.0 = Debug|Any CPU
		{88C5D3F2-7B38-9B0E-74C8-8D178517C3F7}.Release|Any CPU.ActiveCfg = Release|Any CPU
		{88C5D3F2-7B38-9B0E-74C8-8D178517C3F7}.Release|Any CPU.Build.0 = Release|Any CPU
		{48F9CCB1-2211-754A-E094-6EDA395CB99C}.Debug|Any CPU.ActiveCfg = Debug|Any CPU
		{48F9CCB1-2211-754A-E094-6EDA395CB99C}.Debug|Any CPU.Build.0 = Debug|Any CPU
		{48F9CCB1-2211-754A-E094-6EDA395CB99C}.Release|Any CPU.ActiveCfg = Release|Any CPU
		{48F9CCB1-2211-754A-E094-6EDA395CB99C}.Release|Any CPU.Build.0 = Release|Any CPU
	EndGlobalSection
	GlobalSection(SolutionProperties) = preSolution
		HideSolutionNode = FALSE
	EndGlobalSection
EndGlobal
